
Microsoft Visual Studio Solution File, Format Version 12.00
# Visual Studio Version 16
VisualStudioVersion = 16.0.35130.168
MinimumVisualStudioVersion = 10.0.40219.1
Project("{FAE04EC0-301F-11D3-BF4B-00C04F79EFBC}") = "Patterns06", "Patterns06\Patterns06.csproj", "{6BB9BA79-8BE5-4D1E-BAB1-B4BCA2B9295C}"
EndProject
Project("{FAE04EC0-301F-11D3-BF4B-00C04F79EFBC}") = "Lab6Lib", "Lab6Lib\Lab6Lib.csproj", "{0BC4A4E6-51EE-4AA7-9C11-4B9AC89765F3}"
EndProject
Global
	GlobalSection(SolutionConfigurationPlatforms) = preSolution
		Debug|Any CPU = Debug|Any CPU
		Release|Any CPU = Release|Any CPU
	EndGlobalSection
	GlobalSection(ProjectConfigurationPlatforms) = postSolution
		{6BB9BA79-8BE5-4D1E-BAB1-B4BCA2B9295C}.Debug|Any CPU.ActiveCfg = Debug|Any CPU
		{6BB9BA79-8BE5-4D1E-BAB1-B4BCA2B9295C}.Debug|Any CPU.Build.0 = Debug|Any CPU
		{6BB9BA79-8BE5-4D1E-BAB1-B4BCA2B9295C}.Release|Any CPU.ActiveCfg = Release|Any CPU
		{6BB9BA79-8BE5-4D1E-BAB1-B4BCA2B9295C}.Release|Any CPU.Build.0 = Release|Any CPU
		{0BC4A4E6-51EE-4AA7-9C11-4B9AC89765F3}.Debug|Any CPU.ActiveCfg = Debug|Any CPU
		{0BC4A4E6-51EE-4AA7-9C11-4B9AC89765F3}.Debug|Any CPU.Build.0 = Debug|Any CPU
		{0BC4A4E6-51EE-4AA7-9C11-4B9AC89765F3}.Release|Any CPU.ActiveCfg = Release|Any CPU
		{0BC4A4E6-51EE-4AA7-9C11-4B9AC89765F3}.Release|Any CPU.Build.0 = Release|Any CPU
	EndGlobalSection
	GlobalSection(SolutionProperties) = preSolution
		HideSolutionNode = FALSE
	EndGlobalSection
	GlobalSection(ExtensibilityGlobals) = postSolution
		SolutionGuid = {E39BBFCB-688F-455A-8D2A-AC9435A0A16D}
	EndGlobalSection
EndGlobal
